
Microsoft Visual Studio Solution File, Format Version 12.00
# Visual Studio Version 17
VisualStudioVersion = 17.5.33516.290
MinimumVisualStudioVersion = 10.0.40219.1
Project("{8BC9CEB8-8B4A-11D0-8D11-00A0C91BC942}") = "チーム制作8", "チーム制作8.vcxproj", "{B6A6CC81-12C3-4A09-A384-B5C09A685019}"
EndProject
Global
	GlobalSection(SolutionConfigurationPlatforms) = preSolution
		Debug|x64 = Debug|x64
		Release|x64 = Release|x64
	EndGlobalSection
	GlobalSection(ProjectConfigurationPlatforms) = postSolution
		{B6A6CC81-12C3-4A09-A384-B5C09A685019}.Debug|x64.ActiveCfg = Debug|x64
		{B6A6CC81-12C3-4A09-A384-B5C09A685019}.Debug|x64.Build.0 = Debug|x64
		{B6A6CC81-12C3-4A09-A384-B5C09A685019}.Release|x64.ActiveCfg = Release|x64
		{B6A6CC81-12C3-4A09-A384-B5C09A685019}.Release|x64.Build.0 = Release|x64
	EndGlobalSection
	GlobalSection(SolutionProperties) = preSolution
		HideSolutionNode = FALSE
	EndGlobalSection
	GlobalSection(ExtensibilityGlobals) = postSolution
		SolutionGuid = {7D409C95-8090-4658-A362-6DD065F314B7}
	EndGlobalSection
EndGlobal
